
Microsoft Visual Studio Solution File, Format Version 12.00
# Visual Studio Version 17
VisualStudioVersion = 17.3.32929.385
MinimumVisualStudioVersion = 10.0.40219.1
Project("{FAE04EC0-301F-11D3-BF4B-00C04F79EFBC}") = "MinimalShoppingListApi", "MinimalShoppingListApi\MinimalShoppingListApi.csproj", "{C38490CB-5531-47FA-A45F-0E4D11B432D5}"
EndProject
Global
	GlobalSection(SolutionConfigurationPlatforms) = preSolution
		Debug|Any CPU = Debug|Any CPU
		Release|Any CPU = Release|Any CPU
	EndGlobalSection
	GlobalSection(ProjectConfigurationPlatforms) = postSolution
		{C38490CB-5531-47FA-A45F-0E4D11B432D5}.Debug|Any CPU.ActiveCfg = Debug|Any CPU
		{C38490CB-5531-47FA-A45F-0E4D11B432D5}.Debug|Any CPU.Build.0 = Debug|Any CPU
		{C38490CB-5531-47FA-A45F-0E4D11B432D5}.Release|Any CPU.ActiveCfg = Release|Any CPU
		{C38490CB-5531-47FA-A45F-0E4D11B432D5}.Release|Any CPU.Build.0 = Release|Any CPU
	EndGlobalSection
	GlobalSection(SolutionProperties) = preSolution
		HideSolutionNode = FALSE
	EndGlobalSection
	GlobalSection(ExtensibilityGlobals) = postSolution
		SolutionGuid = {3539B980-63C8-4F7D-BA9E-FD9CE794989B}
	EndGlobalSection
EndGlobal
